// !$*UTF8*$!
{
	archiveVersion = 1;
	classes = {
	};
	objectVersion = 55;
	objects = {

/* Begin PBXBuildFile section */
		7D9CFA4328DDEE7F00D971A7 /* AppDelegate.swift in Sources */ = {isa = PBXBuildFile; fileRef = 7D9CFA4228DDEE7F00D971A7 /* AppDelegate.swift */; };
		7D9CFA4528DDEE7F00D971A7 /* SceneDelegate.swift in Sources */ = {isa = PBXBuildFile; fileRef = 7D9CFA4428DDEE7F00D971A7 /* SceneDelegate.swift */; };
		7D9CFA4A28DDEE7F00D971A7 /* Main.storyboard in Resources */ = {isa = PBXBuildFile; fileRef = 7D9CFA4828DDEE7F00D971A7 /* Main.storyboard */; };
		7D9CFA4C28DDEE8000D971A7 /* Assets.xcassets in Resources */ = {isa = PBXBuildFile; fileRef = 7D9CFA4B28DDEE8000D971A7 /* Assets.xcassets */; };
		7D9CFA4F28DDEE8000D971A7 /* LaunchScreen.storyboard in Resources */ = {isa = PBXBuildFile; fileRef = 7D9CFA4D28DDEE8000D971A7 /* LaunchScreen.storyboard */; };
		845E29812CDA48DC00EB734D /* Constants.swift in Sources */ = {isa = PBXBuildFile; fileRef = 845E29802CDA48DC00EB734D /* Constants.swift */; };
		845E29842CDA502900EB734D /* WebViewViewController.swift in Sources */ = {isa = PBXBuildFile; fileRef = 845E29832CDA502900EB734D /* WebViewViewController.swift */; };
		845E29862CDA50F900EB734D /* AuthViewController.swift in Sources */ = {isa = PBXBuildFile; fileRef = 845E29852CDA50F900EB734D /* AuthViewController.swift */; };
		845E29892CDA72A700EB734D /* OAuth2Service.swift in Sources */ = {isa = PBXBuildFile; fileRef = 845E29882CDA72A700EB734D /* OAuth2Service.swift */; };
		845E298B2CDA74C600EB734D /* OAuth2TokenStorage.swift in Sources */ = {isa = PBXBuildFile; fileRef = 845E298A2CDA74C600EB734D /* OAuth2TokenStorage.swift */; };
		845E298E2CDA760C00EB734D /* URLSession+data.swift in Sources */ = {isa = PBXBuildFile; fileRef = 845E298D2CDA760C00EB734D /* URLSession+data.swift */; };
		845E29902CDA768D00EB734D /* OAuthTokenResponseBody.swift in Sources */ = {isa = PBXBuildFile; fileRef = 845E298F2CDA768D00EB734D /* OAuthTokenResponseBody.swift */; };
		845E29932CDA7C1100EB734D /* SplashViewController.swift in Sources */ = {isa = PBXBuildFile; fileRef = 845E29922CDA7C1100EB734D /* SplashViewController.swift */; };
		845E29952CDA7ECF00EB734D /* WebViewViewControllerDelegate.swift in Sources */ = {isa = PBXBuildFile; fileRef = 845E29942CDA7ECF00EB734D /* WebViewViewControllerDelegate.swift */; };
		845E29C62CE7DC1D00EB734D /* ProfileService.swift in Sources */ = {isa = PBXBuildFile; fileRef = 845E29C52CE7DC1D00EB734D /* ProfileService.swift */; };
		845E29C82CE9F8FA00EB734D /* UIBlockingProgressHUD.swift in Sources */ = {isa = PBXBuildFile; fileRef = 845E29C72CE9F8FA00EB734D /* UIBlockingProgressHUD.swift */; };
		845E29CB2CE9F98C00EB734D /* TabBarController.swift in Sources */ = {isa = PBXBuildFile; fileRef = 845E29CA2CE9F98C00EB734D /* TabBarController.swift */; };
		845E29CD2CE9FA6500EB734D /* Profile.swift in Sources */ = {isa = PBXBuildFile; fileRef = 845E29CC2CE9FA6500EB734D /* Profile.swift */; };
		845E29CF2CE9FA7C00EB734D /* ProfileImageService.swift in Sources */ = {isa = PBXBuildFile; fileRef = 845E29CE2CE9FA7C00EB734D /* ProfileImageService.swift */; };
		845E29D12CE9FAA600EB734D /* UserResult.swift in Sources */ = {isa = PBXBuildFile; fileRef = 845E29D02CE9FAA600EB734D /* UserResult.swift */; };
		845E29D42CEA01FF00EB734D /* ProgressHUD in Frameworks */ = {isa = PBXBuildFile; productRef = 845E29D32CEA01FF00EB734D /* ProgressHUD */; };
		845E29D72CEA020500EB734D /* Kingfisher in Frameworks */ = {isa = PBXBuildFile; productRef = 845E29D62CEA020500EB734D /* Kingfisher */; };
		845E29DA2CEA020B00EB734D /* SwiftKeychainWrapper in Frameworks */ = {isa = PBXBuildFile; productRef = 845E29D92CEA020B00EB734D /* SwiftKeychainWrapper */; };
		845E29DD2CEA061700EB734D /* AuthViewControllerDelegate.swift in Sources */ = {isa = PBXBuildFile; fileRef = 845E29DC2CEA061700EB734D /* AuthViewControllerDelegate.swift */; };
		847EA4C42CCBE96E004900BB /* ImagesListCell.swift in Sources */ = {isa = PBXBuildFile; fileRef = 847EA4C32CCBE96E004900BB /* ImagesListCell.swift */; };
		847EA4C82CD11DF7004900BB /* ProfileViewController.swift in Sources */ = {isa = PBXBuildFile; fileRef = 847EA4C72CD11DF7004900BB /* ProfileViewController.swift */; };
		847EA4CB2CD270D1004900BB /* SingleImageViewController.swift in Sources */ = {isa = PBXBuildFile; fileRef = 847EA4CA2CD270D1004900BB /* SingleImageViewController.swift */; };
		8F95384B28F4022B005B83F0 /* ImagesListViewController.swift in Sources */ = {isa = PBXBuildFile; fileRef = 8F95384A28F4022B005B83F0 /* ImagesListViewController.swift */; };
/* End PBXBuildFile section */

/* Begin PBXFileReference section */
		7D9CFA3F28DDEE7F00D971A7 /* Image Feed.app */ = {isa = PBXFileReference; explicitFileType = wrapper.application; includeInIndex = 0; path = "Image Feed.app"; sourceTree = BUILT_PRODUCTS_DIR; };
		7D9CFA4228DDEE7F00D971A7 /* AppDelegate.swift */ = {isa = PBXFileReference; lastKnownFileType = sourcecode.swift; path = AppDelegate.swift; sourceTree = "<group>"; };
		7D9CFA4428DDEE7F00D971A7 /* SceneDelegate.swift */ = {isa = PBXFileReference; lastKnownFileType = sourcecode.swift; path = SceneDelegate.swift; sourceTree = "<group>"; };
		7D9CFA4928DDEE7F00D971A7 /* Base */ = {isa = PBXFileReference; lastKnownFileType = file.storyboard; name = Base; path = Base.lproj/Main.storyboard; sourceTree = "<group>"; };
		7D9CFA4B28DDEE8000D971A7 /* Assets.xcassets */ = {isa = PBXFileReference; lastKnownFileType = folder.assetcatalog; path = Assets.xcassets; sourceTree = "<group>"; };
		7D9CFA4E28DDEE8000D971A7 /* Base */ = {isa = PBXFileReference; lastKnownFileType = file.storyboard; name = Base; path = Base.lproj/LaunchScreen.storyboard; sourceTree = "<group>"; };
		7D9CFA5028DDEE8000D971A7 /* Info.plist */ = {isa = PBXFileReference; lastKnownFileType = text.plist.xml; path = Info.plist; sourceTree = "<group>"; };
		845E29802CDA48DC00EB734D /* Constants.swift */ = {isa = PBXFileReference; lastKnownFileType = sourcecode.swift; path = Constants.swift; sourceTree = "<group>"; };
		845E29832CDA502900EB734D /* WebViewViewController.swift */ = {isa = PBXFileReference; lastKnownFileType = sourcecode.swift; path = WebViewViewController.swift; sourceTree = "<group>"; };
		845E29852CDA50F900EB734D /* AuthViewController.swift */ = {isa = PBXFileReference; lastKnownFileType = sourcecode.swift; path = AuthViewController.swift; sourceTree = "<group>"; };
		845E29882CDA72A700EB734D /* OAuth2Service.swift */ = {isa = PBXFileReference; lastKnownFileType = sourcecode.swift; path = OAuth2Service.swift; sourceTree = "<group>"; };
		845E298A2CDA74C600EB734D /* OAuth2TokenStorage.swift */ = {isa = PBXFileReference; lastKnownFileType = sourcecode.swift; path = OAuth2TokenStorage.swift; sourceTree = "<group>"; };
		845E298D2CDA760C00EB734D /* URLSession+data.swift */ = {isa = PBXFileReference; lastKnownFileType = sourcecode.swift; path = "URLSession+data.swift"; sourceTree = "<group>"; };
		845E298F2CDA768D00EB734D /* OAuthTokenResponseBody.swift */ = {isa = PBXFileReference; lastKnownFileType = sourcecode.swift; path = OAuthTokenResponseBody.swift; sourceTree = "<group>"; };
		845E29922CDA7C1100EB734D /* SplashViewController.swift */ = {isa = PBXFileReference; lastKnownFileType = sourcecode.swift; path = SplashViewController.swift; sourceTree = "<group>"; };
		845E29942CDA7ECF00EB734D /* WebViewViewControllerDelegate.swift */ = {isa = PBXFileReference; lastKnownFileType = sourcecode.swift; path = WebViewViewControllerDelegate.swift; sourceTree = "<group>"; };
		845E29C52CE7DC1D00EB734D /* ProfileService.swift */ = {isa = PBXFileReference; lastKnownFileType = sourcecode.swift; path = ProfileService.swift; sourceTree = "<group>"; };
		845E29C72CE9F8FA00EB734D /* UIBlockingProgressHUD.swift */ = {isa = PBXFileReference; lastKnownFileType = sourcecode.swift; path = UIBlockingProgressHUD.swift; sourceTree = "<group>"; };
		845E29CA2CE9F98C00EB734D /* TabBarController.swift */ = {isa = PBXFileReference; lastKnownFileType = sourcecode.swift; path = TabBarController.swift; sourceTree = "<group>"; };
		845E29CC2CE9FA6500EB734D /* Profile.swift */ = {isa = PBXFileReference; lastKnownFileType = sourcecode.swift; path = Profile.swift; sourceTree = "<group>"; };
		845E29CE2CE9FA7C00EB734D /* ProfileImageService.swift */ = {isa = PBXFileReference; lastKnownFileType = sourcecode.swift; path = ProfileImageService.swift; sourceTree = "<group>"; };
		845E29D02CE9FAA600EB734D /* UserResult.swift */ = {isa = PBXFileReference; lastKnownFileType = sourcecode.swift; path = UserResult.swift; sourceTree = "<group>"; };
		845E29DC2CEA061700EB734D /* AuthViewControllerDelegate.swift */ = {isa = PBXFileReference; lastKnownFileType = sourcecode.swift; path = AuthViewControllerDelegate.swift; sourceTree = "<group>"; };
		847EA4C32CCBE96E004900BB /* ImagesListCell.swift */ = {isa = PBXFileReference; lastKnownFileType = sourcecode.swift; path = ImagesListCell.swift; sourceTree = "<group>"; };
		847EA4C72CD11DF7004900BB /* ProfileViewController.swift */ = {isa = PBXFileReference; lastKnownFileType = sourcecode.swift; path = ProfileViewController.swift; sourceTree = "<group>"; };
		847EA4CA2CD270D1004900BB /* SingleImageViewController.swift */ = {isa = PBXFileReference; lastKnownFileType = sourcecode.swift; path = SingleImageViewController.swift; sourceTree = "<group>"; };
		8F95384A28F4022B005B83F0 /* ImagesListViewController.swift */ = {isa = PBXFileReference; lastKnownFileType = sourcecode.swift; path = ImagesListViewController.swift; sourceTree = "<group>"; };
/* End PBXFileReference section */

/* Begin PBXFrameworksBuildPhase section */
		7D9CFA3C28DDEE7F00D971A7 /* Frameworks */ = {
			isa = PBXFrameworksBuildPhase;
			buildActionMask = 2147483647;
			files = (
				845E29D72CEA020500EB734D /* Kingfisher in Frameworks */,
				845E29D42CEA01FF00EB734D /* ProgressHUD in Frameworks */,
				845E29DA2CEA020B00EB734D /* SwiftKeychainWrapper in Frameworks */,
			);
			runOnlyForDeploymentPostprocessing = 0;
		};
/* End PBXFrameworksBuildPhase section */

/* Begin PBXGroup section */
		7D9CFA3628DDEE7F00D971A7 = {
			isa = PBXGroup;
			children = (
				7D9CFA4128DDEE7F00D971A7 /* Image Feed */,
				7D9CFA4028DDEE7F00D971A7 /* Products */,
			);
			sourceTree = "<group>";
		};
		7D9CFA4028DDEE7F00D971A7 /* Products */ = {
			isa = PBXGroup;
			children = (
				7D9CFA3F28DDEE7F00D971A7 /* Image Feed.app */,
			);
			name = Products;
			sourceTree = "<group>";
		};
		7D9CFA4128DDEE7F00D971A7 /* Image Feed */ = {
			isa = PBXGroup;
			children = (
				845E29DB2CEA05F400EB734D /* Delegate */,
				845E29C92CE9F97600EB734D /* TabBar */,
				845E29912CDA7BFA00EB734D /* Splash */,
				845E298C2CDA75F900EB734D /* Helpers */,
				845E29872CDA729800EB734D /* OAuth2Service */,
				845E29822CDA501800EB734D /* Auth */,
				845E297F2CDA48C600EB734D /* Constants */,
				847EA4C52CCBE991004900BB /* ImageList */,
				847EA4C92CD270B2004900BB /* SingleImage */,
				847EA4C62CD11DE3004900BB /* Profile */,
				7D9CFA4828DDEE7F00D971A7 /* Main.storyboard */,
				7D9CFA4B28DDEE8000D971A7 /* Assets.xcassets */,
				7D9CFA4D28DDEE8000D971A7 /* LaunchScreen.storyboard */,
				7D9CFA5028DDEE8000D971A7 /* Info.plist */,
			);
			path = "Image Feed";
			sourceTree = "<group>";
		};
		845E297F2CDA48C600EB734D /* Constants */ = {
			isa = PBXGroup;
			children = (
				845E29802CDA48DC00EB734D /* Constants.swift */,
			);
			path = Constants;
			sourceTree = "<group>";
		};
		845E29822CDA501800EB734D /* Auth */ = {
			isa = PBXGroup;
			children = (
				845E29832CDA502900EB734D /* WebViewViewController.swift */,
				845E29852CDA50F900EB734D /* AuthViewController.swift */,
			);
			path = Auth;
			sourceTree = "<group>";
		};
		845E29872CDA729800EB734D /* OAuth2Service */ = {
			isa = PBXGroup;
			children = (
				845E29882CDA72A700EB734D /* OAuth2Service.swift */,
				845E298A2CDA74C600EB734D /* OAuth2TokenStorage.swift */,
				845E298F2CDA768D00EB734D /* OAuthTokenResponseBody.swift */,
			);
			path = OAuth2Service;
			sourceTree = "<group>";
		};
		845E298C2CDA75F900EB734D /* Helpers */ = {
			isa = PBXGroup;
			children = (
				845E298D2CDA760C00EB734D /* URLSession+data.swift */,
				845E29C72CE9F8FA00EB734D /* UIBlockingProgressHUD.swift */,
			);
			path = Helpers;
			sourceTree = "<group>";
		};
		845E29912CDA7BFA00EB734D /* Splash */ = {
			isa = PBXGroup;
			children = (
				845E29922CDA7C1100EB734D /* SplashViewController.swift */,
			);
			path = Splash;
			sourceTree = "<group>";
		};
		845E29C92CE9F97600EB734D /* TabBar */ = {
			isa = PBXGroup;
			children = (
				845E29CA2CE9F98C00EB734D /* TabBarController.swift */,
			);
			path = TabBar;
			sourceTree = "<group>";
		};
		845E29DB2CEA05F400EB734D /* Delegate */ = {
			isa = PBXGroup;
			children = (
				7D9CFA4428DDEE7F00D971A7 /* SceneDelegate.swift */,
				7D9CFA4228DDEE7F00D971A7 /* AppDelegate.swift */,
				845E29942CDA7ECF00EB734D /* WebViewViewControllerDelegate.swift */,
				845E29DC2CEA061700EB734D /* AuthViewControllerDelegate.swift */,
			);
			path = Delegate;
			sourceTree = "<group>";
		};
		847EA4C52CCBE991004900BB /* ImageList */ = {
			isa = PBXGroup;
			children = (
				8F95384A28F4022B005B83F0 /* ImagesListViewController.swift */,
				847EA4C32CCBE96E004900BB /* ImagesListCell.swift */,
			);
			path = ImageList;
			sourceTree = "<group>";
		};
		847EA4C62CD11DE3004900BB /* Profile */ = {
			isa = PBXGroup;
			children = (
				847EA4C72CD11DF7004900BB /* ProfileViewController.swift */,
				845E29C52CE7DC1D00EB734D /* ProfileService.swift */,
				845E29CC2CE9FA6500EB734D /* Profile.swift */,
				845E29CE2CE9FA7C00EB734D /* ProfileImageService.swift */,
				845E29D02CE9FAA600EB734D /* UserResult.swift */,
			);
			path = Profile;
			sourceTree = "<group>";
		};
		847EA4C92CD270B2004900BB /* SingleImage */ = {
			isa = PBXGroup;
			children = (
				847EA4CA2CD270D1004900BB /* SingleImageViewController.swift */,
			);
			path = SingleImage;
			sourceTree = "<group>";
		};
/* End PBXGroup section */

/* Begin PBXNativeTarget section */
		7D9CFA3E28DDEE7F00D971A7 /* Image Feed */ = {
			isa = PBXNativeTarget;
			buildConfigurationList = 7D9CFA5328DDEE8000D971A7 /* Build configuration list for PBXNativeTarget "Image Feed" */;
			buildPhases = (
				7D9CFA3B28DDEE7F00D971A7 /* Sources */,
				7D9CFA3C28DDEE7F00D971A7 /* Frameworks */,
				7D9CFA3D28DDEE7F00D971A7 /* Resources */,
			);
			buildRules = (
			);
			dependencies = (
			);
			name = "Image Feed";
			packageProductDependencies = (
				845E29D32CEA01FF00EB734D /* ProgressHUD */,
				845E29D62CEA020500EB734D /* Kingfisher */,
				845E29D92CEA020B00EB734D /* SwiftKeychainWrapper */,
			);
			productName = "Image Feed";
			productReference = 7D9CFA3F28DDEE7F00D971A7 /* Image Feed.app */;
			productType = "com.apple.product-type.application";
		};
/* End PBXNativeTarget section */

/* Begin PBXProject section */
		7D9CFA3728DDEE7F00D971A7 /* Project object */ = {
			isa = PBXProject;
			attributes = {
				BuildIndependentTargetsInParallel = 1;
				LastSwiftUpdateCheck = 1340;
				LastUpgradeCheck = 1340;
				TargetAttributes = {
					7D9CFA3E28DDEE7F00D971A7 = {
						CreatedOnToolsVersion = 13.4.1;
					};
				};
			};
			buildConfigurationList = 7D9CFA3A28DDEE7F00D971A7 /* Build configuration list for PBXProject "Image Feed" */;
			compatibilityVersion = "Xcode 13.0";
			developmentRegion = en;
			hasScannedForEncodings = 0;
			knownRegions = (
				en,
				Base,
			);
			mainGroup = 7D9CFA3628DDEE7F00D971A7;
			packageReferences = (
				845E29D22CEA01FF00EB734D /* XCRemoteSwiftPackageReference "ProgressHUD" */,
				845E29D52CEA020500EB734D /* XCRemoteSwiftPackageReference "Kingfisher" */,
				845E29D82CEA020B00EB734D /* XCRemoteSwiftPackageReference "SwiftKeychainWrapper" */,
			);
			productRefGroup = 7D9CFA4028DDEE7F00D971A7 /* Products */;
			projectDirPath = "";
			projectRoot = "";
			targets = (
				7D9CFA3E28DDEE7F00D971A7 /* Image Feed */,
			);
		};
/* End PBXProject section */

/* Begin PBXResourcesBuildPhase section */
		7D9CFA3D28DDEE7F00D971A7 /* Resources */ = {
			isa = PBXResourcesBuildPhase;
			buildActionMask = 2147483647;
			files = (
				7D9CFA4F28DDEE8000D971A7 /* LaunchScreen.storyboard in Resources */,
				7D9CFA4C28DDEE8000D971A7 /* Assets.xcassets in Resources */,
				7D9CFA4A28DDEE7F00D971A7 /* Main.storyboard in Resources */,
			);
			runOnlyForDeploymentPostprocessing = 0;
		};
/* End PBXResourcesBuildPhase section */

/* Begin PBXSourcesBuildPhase section */
		7D9CFA3B28DDEE7F00D971A7 /* Sources */ = {
			isa = PBXSourcesBuildPhase;
			buildActionMask = 2147483647;
			files = (
				847EA4CB2CD270D1004900BB /* SingleImageViewController.swift in Sources */,
				8F95384B28F4022B005B83F0 /* ImagesListViewController.swift in Sources */,
				847EA4C42CCBE96E004900BB /* ImagesListCell.swift in Sources */,
				845E29CB2CE9F98C00EB734D /* TabBarController.swift in Sources */,
				847EA4C82CD11DF7004900BB /* ProfileViewController.swift in Sources */,
				845E29D12CE9FAA600EB734D /* UserResult.swift in Sources */,
				845E298B2CDA74C600EB734D /* OAuth2TokenStorage.swift in Sources */,
				845E29932CDA7C1100EB734D /* SplashViewController.swift in Sources */,
				845E29C62CE7DC1D00EB734D /* ProfileService.swift in Sources */,
				845E29952CDA7ECF00EB734D /* WebViewViewControllerDelegate.swift in Sources */,
				845E29902CDA768D00EB734D /* OAuthTokenResponseBody.swift in Sources */,
				845E29812CDA48DC00EB734D /* Constants.swift in Sources */,
				7D9CFA4328DDEE7F00D971A7 /* AppDelegate.swift in Sources */,
				845E29842CDA502900EB734D /* WebViewViewController.swift in Sources */,
				845E298E2CDA760C00EB734D /* URLSession+data.swift in Sources */,
				845E29862CDA50F900EB734D /* AuthViewController.swift in Sources */,
				845E29892CDA72A700EB734D /* OAuth2Service.swift in Sources */,
				845E29CD2CE9FA6500EB734D /* Profile.swift in Sources */,
				845E29DD2CEA061700EB734D /* AuthViewControllerDelegate.swift in Sources */,
				845E29CF2CE9FA7C00EB734D /* ProfileImageService.swift in Sources */,
				7D9CFA4528DDEE7F00D971A7 /* SceneDelegate.swift in Sources */,
				845E29C82CE9F8FA00EB734D /* UIBlockingProgressHUD.swift in Sources */,
			);
			runOnlyForDeploymentPostprocessing = 0;
		};
/* End PBXSourcesBuildPhase section */

/* Begin PBXVariantGroup section */
		7D9CFA4828DDEE7F00D971A7 /* Main.storyboard */ = {
			isa = PBXVariantGroup;
			children = (
				7D9CFA4928DDEE7F00D971A7 /* Base */,
			);
			name = Main.storyboard;
			sourceTree = "<group>";
		};
		7D9CFA4D28DDEE8000D971A7 /* LaunchScreen.storyboard */ = {
			isa = PBXVariantGroup;
			children = (
				7D9CFA4E28DDEE8000D971A7 /* Base */,
			);
			name = LaunchScreen.storyboard;
			sourceTree = "<group>";
		};
/* End PBXVariantGroup section */

/* Begin XCBuildConfiguration section */
		7D9CFA5128DDEE8000D971A7 /* Debug */ = {
			isa = XCBuildConfiguration;
			buildSettings = {
				ALWAYS_SEARCH_USER_PATHS = NO;
				CLANG_ANALYZER_NONNULL = YES;
				CLANG_ANALYZER_NUMBER_OBJECT_CONVERSION = YES_AGGRESSIVE;
				CLANG_CXX_LANGUAGE_STANDARD = "gnu++17";
				CLANG_ENABLE_MODULES = YES;
				CLANG_ENABLE_OBJC_ARC = YES;
				CLANG_ENABLE_OBJC_WEAK = YES;
				CLANG_WARN_BLOCK_CAPTURE_AUTORELEASING = YES;
				CLANG_WARN_BOOL_CONVERSION = YES;
				CLANG_WARN_COMMA = YES;
				CLANG_WARN_CONSTANT_CONVERSION = YES;
				CLANG_WARN_DEPRECATED_OBJC_IMPLEMENTATIONS = YES;
				CLANG_WARN_DIRECT_OBJC_ISA_USAGE = YES_ERROR;
				CLANG_WARN_DOCUMENTATION_COMMENTS = YES;
				CLANG_WARN_EMPTY_BODY = YES;
				CLANG_WARN_ENUM_CONVERSION = YES;
				CLANG_WARN_INFINITE_RECURSION = YES;
				CLANG_WARN_INT_CONVERSION = YES;
				CLANG_WARN_NON_LITERAL_NULL_CONVERSION = YES;
				CLANG_WARN_OBJC_IMPLICIT_RETAIN_SELF = YES;
				CLANG_WARN_OBJC_LITERAL_CONVERSION = YES;
				CLANG_WARN_OBJC_ROOT_CLASS = YES_ERROR;
				CLANG_WARN_QUOTED_INCLUDE_IN_FRAMEWORK_HEADER = YES;
				CLANG_WARN_RANGE_LOOP_ANALYSIS = YES;
				CLANG_WARN_STRICT_PROTOTYPES = YES;
				CLANG_WARN_SUSPICIOUS_MOVE = YES;
				CLANG_WARN_UNGUARDED_AVAILABILITY = YES_AGGRESSIVE;
				CLANG_WARN_UNREACHABLE_CODE = YES;
				CLANG_WARN__DUPLICATE_METHOD_MATCH = YES;
				COPY_PHASE_STRIP = NO;
				DEBUG_INFORMATION_FORMAT = dwarf;
				ENABLE_STRICT_OBJC_MSGSEND = YES;
				ENABLE_TESTABILITY = YES;
				GCC_C_LANGUAGE_STANDARD = gnu11;
				GCC_DYNAMIC_NO_PIC = NO;
				GCC_NO_COMMON_BLOCKS = YES;
				GCC_OPTIMIZATION_LEVEL = 0;
				GCC_PREPROCESSOR_DEFINITIONS = (
					"DEBUG=1",
					"$(inherited)",
				);
				GCC_WARN_64_TO_32_BIT_CONVERSION = YES;
				GCC_WARN_ABOUT_RETURN_TYPE = YES_ERROR;
				GCC_WARN_UNDECLARED_SELECTOR = YES;
				GCC_WARN_UNINITIALIZED_AUTOS = YES_AGGRESSIVE;
				GCC_WARN_UNUSED_FUNCTION = YES;
				GCC_WARN_UNUSED_VARIABLE = YES;
				IPHONEOS_DEPLOYMENT_TARGET = 13.0;
				MTL_ENABLE_DEBUG_INFO = INCLUDE_SOURCE;
				MTL_FAST_MATH = YES;
				ONLY_ACTIVE_ARCH = YES;
				SDKROOT = iphoneos;
				SWIFT_ACTIVE_COMPILATION_CONDITIONS = DEBUG;
				SWIFT_OPTIMIZATION_LEVEL = "-Onone";
			};
			name = Debug;
		};
		7D9CFA5228DDEE8000D971A7 /* Release */ = {
			isa = XCBuildConfiguration;
			buildSettings = {
				ALWAYS_SEARCH_USER_PATHS = NO;
				CLANG_ANALYZER_NONNULL = YES;
				CLANG_ANALYZER_NUMBER_OBJECT_CONVERSION = YES_AGGRESSIVE;
				CLANG_CXX_LANGUAGE_STANDARD = "gnu++17";
				CLANG_ENABLE_MODULES = YES;
				CLANG_ENABLE_OBJC_ARC = YES;
				CLANG_ENABLE_OBJC_WEAK = YES;
				CLANG_WARN_BLOCK_CAPTURE_AUTORELEASING = YES;
				CLANG_WARN_BOOL_CONVERSION = YES;
				CLANG_WARN_COMMA = YES;
				CLANG_WARN_CONSTANT_CONVERSION = YES;
				CLANG_WARN_DEPRECATED_OBJC_IMPLEMENTATIONS = YES;
				CLANG_WARN_DIRECT_OBJC_ISA_USAGE = YES_ERROR;
				CLANG_WARN_DOCUMENTATION_COMMENTS = YES;
				CLANG_WARN_EMPTY_BODY = YES;
				CLANG_WARN_ENUM_CONVERSION = YES;
				CLANG_WARN_INFINITE_RECURSION = YES;
				CLANG_WARN_INT_CONVERSION = YES;
				CLANG_WARN_NON_LITERAL_NULL_CONVERSION = YES;
				CLANG_WARN_OBJC_IMPLICIT_RETAIN_SELF = YES;
				CLANG_WARN_OBJC_LITERAL_CONVERSION = YES;
				CLANG_WARN_OBJC_ROOT_CLASS = YES_ERROR;
				CLANG_WARN_QUOTED_INCLUDE_IN_FRAMEWORK_HEADER = YES;
				CLANG_WARN_RANGE_LOOP_ANALYSIS = YES;
				CLANG_WARN_STRICT_PROTOTYPES = YES;
				CLANG_WARN_SUSPICIOUS_MOVE = YES;
				CLANG_WARN_UNGUARDED_AVAILABILITY = YES_AGGRESSIVE;
				CLANG_WARN_UNREACHABLE_CODE = YES;
				CLANG_WARN__DUPLICATE_METHOD_MATCH = YES;
				COPY_PHASE_STRIP = NO;
				DEBUG_INFORMATION_FORMAT = "dwarf-with-dsym";
				ENABLE_NS_ASSERTIONS = NO;
				ENABLE_STRICT_OBJC_MSGSEND = YES;
				GCC_C_LANGUAGE_STANDARD = gnu11;
				GCC_NO_COMMON_BLOCKS = YES;
				GCC_WARN_64_TO_32_BIT_CONVERSION = YES;
				GCC_WARN_ABOUT_RETURN_TYPE = YES_ERROR;
				GCC_WARN_UNDECLARED_SELECTOR = YES;
				GCC_WARN_UNINITIALIZED_AUTOS = YES_AGGRESSIVE;
				GCC_WARN_UNUSED_FUNCTION = YES;
				GCC_WARN_UNUSED_VARIABLE = YES;
				IPHONEOS_DEPLOYMENT_TARGET = 13.0;
				MTL_ENABLE_DEBUG_INFO = NO;
				MTL_FAST_MATH = YES;
				SDKROOT = iphoneos;
				SWIFT_COMPILATION_MODE = wholemodule;
				SWIFT_OPTIMIZATION_LEVEL = "-O";
				VALIDATE_PRODUCT = YES;
			};
			name = Release;
		};
		7D9CFA5428DDEE8000D971A7 /* Debug */ = {
			isa = XCBuildConfiguration;
			buildSettings = {
				ASSETCATALOG_COMPILER_APPICON_NAME = AppIcon;
				ASSETCATALOG_COMPILER_GLOBAL_ACCENT_COLOR_NAME = AccentColor;
				CODE_SIGN_STYLE = Automatic;
				CURRENT_PROJECT_VERSION = 1;
				DEVELOPMENT_TEAM = "";
				GENERATE_INFOPLIST_FILE = YES;
				INFOPLIST_FILE = "Image Feed/Info.plist";
				INFOPLIST_KEY_UIApplicationSupportsIndirectInputEvents = YES;
				INFOPLIST_KEY_UILaunchStoryboardName = LaunchScreen;
				INFOPLIST_KEY_UIMainStoryboardFile = Main;
				INFOPLIST_KEY_UISupportedInterfaceOrientations = UIInterfaceOrientationPortrait;
				INFOPLIST_KEY_UISupportedInterfaceOrientations_iPad = "UIInterfaceOrientationPortrait UIInterfaceOrientationPortraitUpsideDown UIInterfaceOrientationLandscapeLeft UIInterfaceOrientationLandscapeRight";
				INFOPLIST_KEY_UISupportedInterfaceOrientations_iPhone = UIInterfaceOrientationPortrait;
				LD_RUNPATH_SEARCH_PATHS = (
					"$(inherited)",
					"@executable_path/Frameworks",
				);
				MARKETING_VERSION = 1.0;
				PRODUCT_BUNDLE_IDENTIFIER = "ru.praktikum.Image-Feed";
				PRODUCT_NAME = "$(TARGET_NAME)";
				SWIFT_EMIT_LOC_STRINGS = YES;
				SWIFT_VERSION = 5.0;
				TARGETED_DEVICE_FAMILY = 1;
			};
			name = Debug;
		};
		7D9CFA5528DDEE8000D971A7 /* Release */ = {
			isa = XCBuildConfiguration;
			buildSettings = {
				ASSETCATALOG_COMPILER_APPICON_NAME = AppIcon;
				ASSETCATALOG_COMPILER_GLOBAL_ACCENT_COLOR_NAME = AccentColor;
				CODE_SIGN_STYLE = Automatic;
				CURRENT_PROJECT_VERSION = 1;
				DEVELOPMENT_TEAM = "";
				GENERATE_INFOPLIST_FILE = YES;
				INFOPLIST_FILE = "Image Feed/Info.plist";
				INFOPLIST_KEY_UIApplicationSupportsIndirectInputEvents = YES;
				INFOPLIST_KEY_UILaunchStoryboardName = LaunchScreen;
				INFOPLIST_KEY_UIMainStoryboardFile = Main;
				INFOPLIST_KEY_UISupportedInterfaceOrientations = UIInterfaceOrientationPortrait;
				INFOPLIST_KEY_UISupportedInterfaceOrientations_iPad = "UIInterfaceOrientationPortrait UIInterfaceOrientationPortraitUpsideDown UIInterfaceOrientationLandscapeLeft UIInterfaceOrientationLandscapeRight";
				INFOPLIST_KEY_UISupportedInterfaceOrientations_iPhone = UIInterfaceOrientationPortrait;
				LD_RUNPATH_SEARCH_PATHS = (
					"$(inherited)",
					"@executable_path/Frameworks",
				);
				MARKETING_VERSION = 1.0;
				PRODUCT_BUNDLE_IDENTIFIER = "ru.praktikum.Image-Feed";
				PRODUCT_NAME = "$(TARGET_NAME)";
				SWIFT_EMIT_LOC_STRINGS = YES;
				SWIFT_VERSION = 5.0;
				TARGETED_DEVICE_FAMILY = 1;
			};
			name = Release;
		};
/* End XCBuildConfiguration section */

/* Begin XCConfigurationList section */
		7D9CFA3A28DDEE7F00D971A7 /* Build configuration list for PBXProject "Image Feed" */ = {
			isa = XCConfigurationList;
			buildConfigurations = (
				7D9CFA5128DDEE8000D971A7 /* Debug */,
				7D9CFA5228DDEE8000D971A7 /* Release */,
			);
			defaultConfigurationIsVisible = 0;
			defaultConfigurationName = Release;
		};
		7D9CFA5328DDEE8000D971A7 /* Build configuration list for PBXNativeTarget "Image Feed" */ = {
			isa = XCConfigurationList;
			buildConfigurations = (
				7D9CFA5428DDEE8000D971A7 /* Debug */,
				7D9CFA5528DDEE8000D971A7 /* Release */,
			);
			defaultConfigurationIsVisible = 0;
			defaultConfigurationName = Release;
		};
/* End XCConfigurationList section */

/* Begin XCRemoteSwiftPackageReference section */
		845E29D22CEA01FF00EB734D /* XCRemoteSwiftPackageReference "ProgressHUD" */ = {
			isa = XCRemoteSwiftPackageReference;
			repositoryURL = "https://github.com/relatedcode/ProgressHUD";
			requirement = {
				kind = upToNextMajorVersion;
				minimumVersion = 14.1.3;
			};
		};
		845E29D52CEA020500EB734D /* XCRemoteSwiftPackageReference "Kingfisher" */ = {
			isa = XCRemoteSwiftPackageReference;
			repositoryURL = "https://github.com/onevcat/Kingfisher";
			requirement = {
				kind = upToNextMajorVersion;
				minimumVersion = 8.1.0;
			};
		};
		845E29D82CEA020B00EB734D /* XCRemoteSwiftPackageReference "SwiftKeychainWrapper" */ = {
			isa = XCRemoteSwiftPackageReference;
			repositoryURL = "https://github.com/jrendel/SwiftKeychainWrapper";
			requirement = {
				kind = upToNextMajorVersion;
				minimumVersion = 4.0.1;
			};
		};
/* End XCRemoteSwiftPackageReference section */

/* Begin XCSwiftPackageProductDependency section */
		845E29D32CEA01FF00EB734D /* ProgressHUD */ = {
			isa = XCSwiftPackageProductDependency;
			package = 845E29D22CEA01FF00EB734D /* XCRemoteSwiftPackageReference "ProgressHUD" */;
			productName = ProgressHUD;
		};
		845E29D62CEA020500EB734D /* Kingfisher */ = {
			isa = XCSwiftPackageProductDependency;
			package = 845E29D52CEA020500EB734D /* XCRemoteSwiftPackageReference "Kingfisher" */;
			productName = Kingfisher;
		};
		845E29D92CEA020B00EB734D /* SwiftKeychainWrapper */ = {
			isa = XCSwiftPackageProductDependency;
			package = 845E29D82CEA020B00EB734D /* XCRemoteSwiftPackageReference "SwiftKeychainWrapper" */;
			productName = SwiftKeychainWrapper;
		};
/* End XCSwiftPackageProductDependency section */
	};
	rootObject = 7D9CFA3728DDEE7F00D971A7 /* Project object */;
}
